
Microsoft Visual Studio Solution File, Format Version 12.00
# Visual Studio Version 16
VisualStudioVersion = 16.0.28803.156
MinimumVisualStudioVersion = 10.0.40219.1
Project("{8BC9CEB8-8B4A-11D0-8D11-00A0C91BC942}") = "Хранение данных на носителе", "Хранение данных на носителе\Хранение данных на носителе.vcxproj", "{B317E568-6701-405A-A086-E79B5D8B2D5F}"
EndProject
Global
	GlobalSection(SolutionConfigurationPlatforms) = preSolution
		Debug|x64 = Debug|x64
		Debug|x86 = Debug|x86
		Release|x64 = Release|x64
		Release|x86 = Release|x86
	EndGlobalSection
	GlobalSection(ProjectConfigurationPlatforms) = postSolution
		{B317E568-6701-405A-A086-E79B5D8B2D5F}.Debug|x64.ActiveCfg = Debug|x64
		{B317E568-6701-405A-A086-E79B5D8B2D5F}.Debug|x64.Build.0 = Debug|x64
		{B317E568-6701-405A-A086-E79B5D8B2D5F}.Debug|x86.ActiveCfg = Debug|Win32
		{B317E568-6701-405A-A086-E79B5D8B2D5F}.Debug|x86.Build.0 = Debug|Win32
		{B317E568-6701-405A-A086-E79B5D8B2D5F}.Release|x64.ActiveCfg = Release|x64
		{B317E568-6701-405A-A086-E79B5D8B2D5F}.Release|x64.Build.0 = Release|x64
		{B317E568-6701-405A-A086-E79B5D8B2D5F}.Release|x86.ActiveCfg = Release|Win32
		{B317E568-6701-405A-A086-E79B5D8B2D5F}.Release|x86.Build.0 = Release|Win32
	EndGlobalSection
	GlobalSection(SolutionProperties) = preSolution
		HideSolutionNode = FALSE
	EndGlobalSection
	GlobalSection(ExtensibilityGlobals) = postSolution
		SolutionGuid = {21018D21-6CD8-4B3B-9BA3-EA69BE85BAF3}
	EndGlobalSection
EndGlobal
